
Microsoft Visual Studio Solution File, Format Version 12.00
# Visual Studio Version 16
VisualStudioVersion = 16.0.32602.291
MinimumVisualStudioVersion = 10.0.40219.1
Project("{9A19103F-16F7-4668-BE54-9A1E7A4F7556}") = "Inheritance_Encapsulation", "Inheritance_Encapsulation\Inheritance_Encapsulation.csproj", "{D9375032-BB1C-4CCA-AA3D-3FC404463611}"
EndProject
Project("{FAE04EC0-301F-11D3-BF4B-00C04F79EFBC}") = "Domain", "Domain\Domain.csproj", "{59468CE7-920F-4043-811B-DEFD9E08F4BA}"
EndProject
Global
	GlobalSection(SolutionConfigurationPlatforms) = preSolution
		Debug|Any CPU = Debug|Any CPU
		Release|Any CPU = Release|Any CPU
	EndGlobalSection
	GlobalSection(ProjectConfigurationPlatforms) = postSolution
		{D9375032-BB1C-4CCA-AA3D-3FC404463611}.Debug|Any CPU.ActiveCfg = Debug|Any CPU
		{D9375032-BB1C-4CCA-AA3D-3FC404463611}.Debug|Any CPU.Build.0 = Debug|Any CPU
		{D9375032-BB1C-4CCA-AA3D-3FC404463611}.Release|Any CPU.ActiveCfg = Release|Any CPU
		{D9375032-BB1C-4CCA-AA3D-3FC404463611}.Release|Any CPU.Build.0 = Release|Any CPU
		{59468CE7-920F-4043-811B-DEFD9E08F4BA}.Debug|Any CPU.ActiveCfg = Debug|Any CPU
		{59468CE7-920F-4043-811B-DEFD9E08F4BA}.Debug|Any CPU.Build.0 = Debug|Any CPU
		{59468CE7-920F-4043-811B-DEFD9E08F4BA}.Release|Any CPU.ActiveCfg = Release|Any CPU
		{59468CE7-920F-4043-811B-DEFD9E08F4BA}.Release|Any CPU.Build.0 = Release|Any CPU
	EndGlobalSection
	GlobalSection(SolutionProperties) = preSolution
		HideSolutionNode = FALSE
	EndGlobalSection
	GlobalSection(ExtensibilityGlobals) = postSolution
		SolutionGuid = {7CB91E6D-8B44-4019-9A36-2EAF782164DD}
	EndGlobalSection
EndGlobal
